
Microsoft Visual Studio Solution File, Format Version 12.00
# Visual Studio 2012
Project("{FAE04EC0-301F-11D3-BF4B-00C04F79EFBC}") = "NetWire", "NetWire\NetWire.csproj", "{1363C546-D31F-4045-9C1F-70932B918750}"
EndProject
Project("{FAE04EC0-301F-11D3-BF4B-00C04F79EFBC}") = "NetWireRT", "NetWireRT\NetWireRT.csproj", "{32891A3F-191E-46CD-91D4-8448B3A07F67}"
EndProject
Project("{2150E333-8FDC-42A3-9474-1A3956D46DE8}") = ".nuget", ".nuget", "{83895BAB-E58D-4B77-9F8C-1B924CF25FA2}"
	ProjectSection(SolutionItems) = preProject
		.nuget\NuGet.Config = .nuget\NuGet.Config
		.nuget\NuGet.exe = .nuget\NuGet.exe
		.nuget\NuGet.targets = .nuget\NuGet.targets
	EndProjectSection
EndProject
Global
	GlobalSection(SolutionConfigurationPlatforms) = preSolution
		Debug|Any CPU = Debug|Any CPU
		Debug|ARM = Debug|ARM
		Debug|x64 = Debug|x64
		Debug|x86 = Debug|x86
		Release|Any CPU = Release|Any CPU
		Release|ARM = Release|ARM
		Release|x64 = Release|x64
		Release|x86 = Release|x86
	EndGlobalSection
	GlobalSection(ProjectConfigurationPlatforms) = postSolution
		{1363C546-D31F-4045-9C1F-70932B918750}.Debug|Any CPU.ActiveCfg = Debug|Any CPU
		{1363C546-D31F-4045-9C1F-70932B918750}.Debug|Any CPU.Build.0 = Debug|Any CPU
		{1363C546-D31F-4045-9C1F-70932B918750}.Debug|Any CPU.Deploy.0 = Debug|Any CPU
		{1363C546-D31F-4045-9C1F-70932B918750}.Debug|ARM.ActiveCfg = Debug|ARM
		{1363C546-D31F-4045-9C1F-70932B918750}.Debug|ARM.Build.0 = Debug|ARM
		{1363C546-D31F-4045-9C1F-70932B918750}.Debug|ARM.Deploy.0 = Debug|ARM
		{1363C546-D31F-4045-9C1F-70932B918750}.Debug|x64.ActiveCfg = Debug|Any CPU
		{1363C546-D31F-4045-9C1F-70932B918750}.Debug|x86.ActiveCfg = Debug|x86
		{1363C546-D31F-4045-9C1F-70932B918750}.Debug|x86.Build.0 = Debug|x86
		{1363C546-D31F-4045-9C1F-70932B918750}.Debug|x86.Deploy.0 = Debug|x86
		{1363C546-D31F-4045-9C1F-70932B918750}.Release|Any CPU.ActiveCfg = Release|Any CPU
		{1363C546-D31F-4045-9C1F-70932B918750}.Release|Any CPU.Build.0 = Release|Any CPU
		{1363C546-D31F-4045-9C1F-70932B918750}.Release|Any CPU.Deploy.0 = Release|Any CPU
		{1363C546-D31F-4045-9C1F-70932B918750}.Release|ARM.ActiveCfg = Release|ARM
		{1363C546-D31F-4045-9C1F-70932B918750}.Release|ARM.Build.0 = Release|ARM
		{1363C546-D31F-4045-9C1F-70932B918750}.Release|ARM.Deploy.0 = Release|ARM
		{1363C546-D31F-4045-9C1F-70932B918750}.Release|x64.ActiveCfg = Release|Any CPU
		{1363C546-D31F-4045-9C1F-70932B918750}.Release|x86.ActiveCfg = Release|x86
		{1363C546-D31F-4045-9C1F-70932B918750}.Release|x86.Build.0 = Release|x86
		{1363C546-D31F-4045-9C1F-70932B918750}.Release|x86.Deploy.0 = Release|x86
		{32891A3F-191E-46CD-91D4-8448B3A07F67}.Debug|Any CPU.ActiveCfg = Debug|Any CPU
		{32891A3F-191E-46CD-91D4-8448B3A07F67}.Debug|Any CPU.Build.0 = Debug|Any CPU
		{32891A3F-191E-46CD-91D4-8448B3A07F67}.Debug|Any CPU.Deploy.0 = Debug|Any CPU
		{32891A3F-191E-46CD-91D4-8448B3A07F67}.Debug|ARM.ActiveCfg = Debug|ARM
		{32891A3F-191E-46CD-91D4-8448B3A07F67}.Debug|ARM.Build.0 = Debug|ARM
		{32891A3F-191E-46CD-91D4-8448B3A07F67}.Debug|ARM.Deploy.0 = Debug|ARM
		{32891A3F-191E-46CD-91D4-8448B3A07F67}.Debug|x64.ActiveCfg = Debug|x64
		{32891A3F-191E-46CD-91D4-8448B3A07F67}.Debug|x64.Build.0 = Debug|x64
		{32891A3F-191E-46CD-91D4-8448B3A07F67}.Debug|x64.Deploy.0 = Debug|x64
		{32891A3F-191E-46CD-91D4-8448B3A07F67}.Debug|x86.ActiveCfg = Debug|x86
		{32891A3F-191E-46CD-91D4-8448B3A07F67}.Debug|x86.Build.0 = Debug|x86
		{32891A3F-191E-46CD-91D4-8448B3A07F67}.Debug|x86.Deploy.0 = Debug|x86
		{32891A3F-191E-46CD-91D4-8448B3A07F67}.Release|Any CPU.ActiveCfg = Release|Any CPU
		{32891A3F-191E-46CD-91D4-8448B3A07F67}.Release|Any CPU.Build.0 = Release|Any CPU
		{32891A3F-191E-46CD-91D4-8448B3A07F67}.Release|Any CPU.Deploy.0 = Release|Any CPU
		{32891A3F-191E-46CD-91D4-8448B3A07F67}.Release|ARM.ActiveCfg = Release|ARM
		{32891A3F-191E-46CD-91D4-8448B3A07F67}.Release|ARM.Build.0 = Release|ARM
		{32891A3F-191E-46CD-91D4-8448B3A07F67}.Release|ARM.Deploy.0 = Release|ARM
		{32891A3F-191E-46CD-91D4-8448B3A07F67}.Release|x64.ActiveCfg = Release|x64
		{32891A3F-191E-46CD-91D4-8448B3A07F67}.Release|x64.Build.0 = Release|x64
		{32891A3F-191E-46CD-91D4-8448B3A07F67}.Release|x64.Deploy.0 = Release|x64
		{32891A3F-191E-46CD-91D4-8448B3A07F67}.Release|x86.ActiveCfg = Release|x86
		{32891A3F-191E-46CD-91D4-8448B3A07F67}.Release|x86.Build.0 = Release|x86
		{32891A3F-191E-46CD-91D4-8448B3A07F67}.Release|x86.Deploy.0 = Release|x86
	EndGlobalSection
	GlobalSection(SolutionProperties) = preSolution
		HideSolutionNode = FALSE
	EndGlobalSection
EndGlobal
